
Microsoft Visual Studio Solution File, Format Version 12.00
# Visual Studio Version 17
VisualStudioVersion = 17.7.34221.43
MinimumVisualStudioVersion = 10.0.40219.1
Project("{FAE04EC0-301F-11D3-BF4B-00C04F79EFBC}") = "LibrarySys", "LibrarySys\LibrarySys.csproj", "{8D664985-77EE-467C-89EF-035D1178C2AB}"
EndProject
Project("{FAE04EC0-301F-11D3-BF4B-00C04F79EFBC}") = "XuatFile", "XuatFile\XuatFile.csproj", "{D72C75DC-9D74-4AE5-B094-6BC72968E1A4}"
EndProject
Global
	GlobalSection(SolutionConfigurationPlatforms) = preSolution
		Debug|Any CPU = Debug|Any CPU
		Release|Any CPU = Release|Any CPU
	EndGlobalSection
	GlobalSection(ProjectConfigurationPlatforms) = postSolution
		{8D664985-77EE-467C-89EF-035D1178C2AB}.Debug|Any CPU.ActiveCfg = Debug|Any CPU
		{8D664985-77EE-467C-89EF-035D1178C2AB}.Debug|Any CPU.Build.0 = Debug|Any CPU
		{8D664985-77EE-467C-89EF-035D1178C2AB}.Release|Any CPU.ActiveCfg = Release|Any CPU
		{8D664985-77EE-467C-89EF-035D1178C2AB}.Release|Any CPU.Build.0 = Release|Any CPU
		{D72C75DC-9D74-4AE5-B094-6BC72968E1A4}.Debug|Any CPU.ActiveCfg = Debug|Any CPU
		{D72C75DC-9D74-4AE5-B094-6BC72968E1A4}.Debug|Any CPU.Build.0 = Debug|Any CPU
		{D72C75DC-9D74-4AE5-B094-6BC72968E1A4}.Release|Any CPU.ActiveCfg = Release|Any CPU
		{D72C75DC-9D74-4AE5-B094-6BC72968E1A4}.Release|Any CPU.Build.0 = Release|Any CPU
	EndGlobalSection
	GlobalSection(SolutionProperties) = preSolution
		HideSolutionNode = FALSE
	EndGlobalSection
	GlobalSection(ExtensibilityGlobals) = postSolution
		SolutionGuid = {0813DDF1-59A2-4875-9E2E-BE85DF8C1EC1}
	EndGlobalSection
EndGlobal
